// !$*UTF8*$!
{
	archiveVersion = 1;
	classes = {
	};
	objectVersion = 56;
	objects = {

/* Begin PBXBuildFile section */
		8DDFD7282A125CBC00F19BFA /* AppDelegate.swift in Sources */ = {isa = PBXBuildFile; fileRef = 8DDFD7272A125CBC00F19BFA /* AppDelegate.swift */; };
		8DDFD72A2A125CBC00F19BFA /* SceneDelegate.swift in Sources */ = {isa = PBXBuildFile; fileRef = 8DDFD7292A125CBC00F19BFA /* SceneDelegate.swift */; };
		8DDFD72C2A125CBC00F19BFA /* ListGameViewController.swift in Sources */ = {isa = PBXBuildFile; fileRef = 8DDFD72B2A125CBC00F19BFA /* ListGameViewController.swift */; };
		8DDFD7322A125CBC00F19BFA /* GameDB.xcdatamodeld in Sources */ = {isa = PBXBuildFile; fileRef = 8DDFD7302A125CBC00F19BFA /* GameDB.xcdatamodeld */; };
		8DDFD7342A125CBD00F19BFA /* Assets.xcassets in Resources */ = {isa = PBXBuildFile; fileRef = 8DDFD7332A125CBD00F19BFA /* Assets.xcassets */; };
		8DDFD7372A125CBD00F19BFA /* LaunchScreen.storyboard in Resources */ = {isa = PBXBuildFile; fileRef = 8DDFD7352A125CBD00F19BFA /* LaunchScreen.storyboard */; };
		8DDFD7422A125CBD00F19BFA /* listGameTests.swift in Sources */ = {isa = PBXBuildFile; fileRef = 8DDFD7412A125CBD00F19BFA /* listGameTests.swift */; };
		8DDFD74C2A125CBD00F19BFA /* perqara_testUITests.swift in Sources */ = {isa = PBXBuildFile; fileRef = 8DDFD74B2A125CBD00F19BFA /* perqara_testUITests.swift */; };
		8DDFD74E2A125CBD00F19BFA /* perqara_testUITestsLaunchTests.swift in Sources */ = {isa = PBXBuildFile; fileRef = 8DDFD74D2A125CBD00F19BFA /* perqara_testUITestsLaunchTests.swift */; };
		8DDFD75D2A125FC500F19BFA /* ListGameViewModel.swift in Sources */ = {isa = PBXBuildFile; fileRef = 8DDFD75C2A125FC500F19BFA /* ListGameViewModel.swift */; };
		8DDFD7602A12602300F19BFA /* API.swift in Sources */ = {isa = PBXBuildFile; fileRef = 8DDFD75F2A12602300F19BFA /* API.swift */; };
		8DDFD7632A12606B00F19BFA /* DetailGameViewController.swift in Sources */ = {isa = PBXBuildFile; fileRef = 8DDFD7622A12606B00F19BFA /* DetailGameViewController.swift */; };
		8DDFD7652A12607400F19BFA /* DetailGameViewModel.swift in Sources */ = {isa = PBXBuildFile; fileRef = 8DDFD7642A12607400F19BFA /* DetailGameViewModel.swift */; };
		8DDFD7682A1260C800F19BFA /* FavoriteGameViewModel.swift in Sources */ = {isa = PBXBuildFile; fileRef = 8DDFD7672A1260C800F19BFA /* FavoriteGameViewModel.swift */; };
		8DDFD76A2A1260D500F19BFA /* FavoriteGameViewController.swift in Sources */ = {isa = PBXBuildFile; fileRef = 8DDFD7692A1260D500F19BFA /* FavoriteGameViewController.swift */; };
		8DDFD76D2A12622400F19BFA /* Game.swift in Sources */ = {isa = PBXBuildFile; fileRef = 8DDFD76C2A12622400F19BFA /* Game.swift */; };
		8DDFD76F2A126E1600F19BFA /* Client.swift in Sources */ = {isa = PBXBuildFile; fileRef = 8DDFD76E2A126E1600F19BFA /* Client.swift */; };
		8DDFD7712A12858400F19BFA /* ListGameCell.swift in Sources */ = {isa = PBXBuildFile; fileRef = 8DDFD7702A12858400F19BFA /* ListGameCell.swift */; };
		8DDFD7742A1286AE00F19BFA /* Constraint.swift in Sources */ = {isa = PBXBuildFile; fileRef = 8DDFD7732A1286AE00F19BFA /* Constraint.swift */; };
		8DDFD77A2A138A2C00F19BFA /* DetailTableViewCell.swift in Sources */ = {isa = PBXBuildFile; fileRef = 8DDFD7792A138A2C00F19BFA /* DetailTableViewCell.swift */; };
		8DDFD77F2A13D4F600F19BFA /* GameModel+CoreDataClass.swift in Sources */ = {isa = PBXBuildFile; fileRef = 8DDFD77D2A13D4F600F19BFA /* GameModel+CoreDataClass.swift */; };
		8DDFD7802A13D4F600F19BFA /* GameModel+CoreDataProperties.swift in Sources */ = {isa = PBXBuildFile; fileRef = 8DDFD77E2A13D4F600F19BFA /* GameModel+CoreDataProperties.swift */; };
		8DDFD7822A147A8F00F19BFA /* ImageHandler.swift in Sources */ = {isa = PBXBuildFile; fileRef = 8DDFD7812A147A8F00F19BFA /* ImageHandler.swift */; };
		8DDFD7842A1496F900F19BFA /* MockClientService.swift in Sources */ = {isa = PBXBuildFile; fileRef = 8DDFD7832A1496F900F19BFA /* MockClientService.swift */; };
		8DDFD7862A14B06200F19BFA /* detailGameTests.swift in Sources */ = {isa = PBXBuildFile; fileRef = 8DDFD7852A14B06200F19BFA /* detailGameTests.swift */; };
		8DDFD7882A14B06D00F19BFA /* favoriteGameTests.swift in Sources */ = {isa = PBXBuildFile; fileRef = 8DDFD7872A14B06D00F19BFA /* favoriteGameTests.swift */; };
		8DDFD78A2A1502AA00F19BFA /* TestCoreDataStack.swift in Sources */ = {isa = PBXBuildFile; fileRef = 8DDFD7892A1502AA00F19BFA /* TestCoreDataStack.swift */; };
/* End PBXBuildFile section */

/* Begin PBXContainerItemProxy section */
		8DDFD73E2A125CBD00F19BFA /* PBXContainerItemProxy */ = {
			isa = PBXContainerItemProxy;
			containerPortal = 8DDFD71C2A125CBC00F19BFA /* Project object */;
			proxyType = 1;
			remoteGlobalIDString = 8DDFD7232A125CBC00F19BFA;
			remoteInfo = perqara_test;
		};
		8DDFD7482A125CBD00F19BFA /* PBXContainerItemProxy */ = {
			isa = PBXContainerItemProxy;
			containerPortal = 8DDFD71C2A125CBC00F19BFA /* Project object */;
			proxyType = 1;
			remoteGlobalIDString = 8DDFD7232A125CBC00F19BFA;
			remoteInfo = perqara_test;
		};
/* End PBXContainerItemProxy section */

/* Begin PBXFileReference section */
		8DDFD7242A125CBC00F19BFA /* GameDB.app */ = {isa = PBXFileReference; explicitFileType = wrapper.application; includeInIndex = 0; path = GameDB.app; sourceTree = BUILT_PRODUCTS_DIR; };
		8DDFD7272A125CBC00F19BFA /* AppDelegate.swift */ = {isa = PBXFileReference; lastKnownFileType = sourcecode.swift; path = AppDelegate.swift; sourceTree = "<group>"; };
		8DDFD7292A125CBC00F19BFA /* SceneDelegate.swift */ = {isa = PBXFileReference; lastKnownFileType = sourcecode.swift; path = SceneDelegate.swift; sourceTree = "<group>"; };
		8DDFD72B2A125CBC00F19BFA /* ListGameViewController.swift */ = {isa = PBXFileReference; lastKnownFileType = sourcecode.swift; path = ListGameViewController.swift; sourceTree = "<group>"; };
		8DDFD7312A125CBC00F19BFA /* perqara_test.xcdatamodel */ = {isa = PBXFileReference; lastKnownFileType = wrapper.xcdatamodel; path = perqara_test.xcdatamodel; sourceTree = "<group>"; };
		8DDFD7332A125CBD00F19BFA /* Assets.xcassets */ = {isa = PBXFileReference; lastKnownFileType = folder.assetcatalog; path = Assets.xcassets; sourceTree = "<group>"; };
		8DDFD7362A125CBD00F19BFA /* Base */ = {isa = PBXFileReference; lastKnownFileType = file.storyboard; name = Base; path = Base.lproj/LaunchScreen.storyboard; sourceTree = "<group>"; };
		8DDFD7382A125CBD00F19BFA /* Info.plist */ = {isa = PBXFileReference; lastKnownFileType = text.plist.xml; path = Info.plist; sourceTree = "<group>"; };
		8DDFD73D2A125CBD00F19BFA /* GameDBTests.xctest */ = {isa = PBXFileReference; explicitFileType = wrapper.cfbundle; includeInIndex = 0; path = GameDBTests.xctest; sourceTree = BUILT_PRODUCTS_DIR; };
		8DDFD7412A125CBD00F19BFA /* listGameTests.swift */ = {isa = PBXFileReference; lastKnownFileType = sourcecode.swift; path = listGameTests.swift; sourceTree = "<group>"; };
		8DDFD7472A125CBD00F19BFA /* GameDBUITests.xctest */ = {isa = PBXFileReference; explicitFileType = wrapper.cfbundle; includeInIndex = 0; path = GameDBUITests.xctest; sourceTree = BUILT_PRODUCTS_DIR; };
		8DDFD74B2A125CBD00F19BFA /* perqara_testUITests.swift */ = {isa = PBXFileReference; lastKnownFileType = sourcecode.swift; path = perqara_testUITests.swift; sourceTree = "<group>"; };
		8DDFD74D2A125CBD00F19BFA /* perqara_testUITestsLaunchTests.swift */ = {isa = PBXFileReference; lastKnownFileType = sourcecode.swift; path = perqara_testUITestsLaunchTests.swift; sourceTree = "<group>"; };
		8DDFD75C2A125FC500F19BFA /* ListGameViewModel.swift */ = {isa = PBXFileReference; lastKnownFileType = sourcecode.swift; path = ListGameViewModel.swift; sourceTree = "<group>"; };
		8DDFD75F2A12602300F19BFA /* API.swift */ = {isa = PBXFileReference; lastKnownFileType = sourcecode.swift; path = API.swift; sourceTree = "<group>"; };
		8DDFD7622A12606B00F19BFA /* DetailGameViewController.swift */ = {isa = PBXFileReference; lastKnownFileType = sourcecode.swift; path = DetailGameViewController.swift; sourceTree = "<group>"; };
		8DDFD7642A12607400F19BFA /* DetailGameViewModel.swift */ = {isa = PBXFileReference; lastKnownFileType = sourcecode.swift; path = DetailGameViewModel.swift; sourceTree = "<group>"; };
		8DDFD7672A1260C800F19BFA /* FavoriteGameViewModel.swift */ = {isa = PBXFileReference; lastKnownFileType = sourcecode.swift; path = FavoriteGameViewModel.swift; sourceTree = "<group>"; };
		8DDFD7692A1260D500F19BFA /* FavoriteGameViewController.swift */ = {isa = PBXFileReference; lastKnownFileType = sourcecode.swift; path = FavoriteGameViewController.swift; sourceTree = "<group>"; };
		8DDFD76C2A12622400F19BFA /* Game.swift */ = {isa = PBXFileReference; lastKnownFileType = sourcecode.swift; path = Game.swift; sourceTree = "<group>"; };
		8DDFD76E2A126E1600F19BFA /* Client.swift */ = {isa = PBXFileReference; lastKnownFileType = sourcecode.swift; path = Client.swift; sourceTree = "<group>"; };
		8DDFD7702A12858400F19BFA /* ListGameCell.swift */ = {isa = PBXFileReference; lastKnownFileType = sourcecode.swift; path = ListGameCell.swift; sourceTree = "<group>"; };
		8DDFD7732A1286AE00F19BFA /* Constraint.swift */ = {isa = PBXFileReference; lastKnownFileType = sourcecode.swift; path = Constraint.swift; sourceTree = "<group>"; };
		8DDFD7792A138A2C00F19BFA /* DetailTableViewCell.swift */ = {isa = PBXFileReference; lastKnownFileType = sourcecode.swift; path = DetailTableViewCell.swift; sourceTree = "<group>"; };
		8DDFD77D2A13D4F600F19BFA /* GameModel+CoreDataClass.swift */ = {isa = PBXFileReference; lastKnownFileType = sourcecode.swift; path = "GameModel+CoreDataClass.swift"; sourceTree = "<group>"; };
		8DDFD77E2A13D4F600F19BFA /* GameModel+CoreDataProperties.swift */ = {isa = PBXFileReference; lastKnownFileType = sourcecode.swift; path = "GameModel+CoreDataProperties.swift"; sourceTree = "<group>"; };
		8DDFD7812A147A8F00F19BFA /* ImageHandler.swift */ = {isa = PBXFileReference; lastKnownFileType = sourcecode.swift; path = ImageHandler.swift; sourceTree = "<group>"; };
		8DDFD7832A1496F900F19BFA /* MockClientService.swift */ = {isa = PBXFileReference; lastKnownFileType = sourcecode.swift; path = MockClientService.swift; sourceTree = "<group>"; };
		8DDFD7852A14B06200F19BFA /* detailGameTests.swift */ = {isa = PBXFileReference; lastKnownFileType = sourcecode.swift; path = detailGameTests.swift; sourceTree = "<group>"; };
		8DDFD7872A14B06D00F19BFA /* favoriteGameTests.swift */ = {isa = PBXFileReference; lastKnownFileType = sourcecode.swift; path = favoriteGameTests.swift; sourceTree = "<group>"; };
		8DDFD7892A1502AA00F19BFA /* TestCoreDataStack.swift */ = {isa = PBXFileReference; lastKnownFileType = sourcecode.swift; path = TestCoreDataStack.swift; sourceTree = "<group>"; };
/* End PBXFileReference section */

/* Begin PBXFrameworksBuildPhase section */
		8DDFD7212A125CBC00F19BFA /* Frameworks */ = {
			isa = PBXFrameworksBuildPhase;
			buildActionMask = 2147483647;
			files = (
			);
			runOnlyForDeploymentPostprocessing = 0;
		};
		8DDFD73A2A125CBD00F19BFA /* Frameworks */ = {
			isa = PBXFrameworksBuildPhase;
			buildActionMask = 2147483647;
			files = (
			);
			runOnlyForDeploymentPostprocessing = 0;
		};
		8DDFD7442A125CBD00F19BFA /* Frameworks */ = {
			isa = PBXFrameworksBuildPhase;
			buildActionMask = 2147483647;
			files = (
			);
			runOnlyForDeploymentPostprocessing = 0;
		};
/* End PBXFrameworksBuildPhase section */

/* Begin PBXGroup section */
		8DDFD71B2A125CBC00F19BFA = {
			isa = PBXGroup;
			children = (
				8DDFD77D2A13D4F600F19BFA /* GameModel+CoreDataClass.swift */,
				8DDFD77E2A13D4F600F19BFA /* GameModel+CoreDataProperties.swift */,
				8DDFD7262A125CBC00F19BFA /* GameDB */,
				8DDFD7402A125CBD00F19BFA /* GameDBTests */,
				8DDFD74A2A125CBD00F19BFA /* GameDBUITests */,
				8DDFD7252A125CBC00F19BFA /* Products */,
			);
			sourceTree = "<group>";
		};
		8DDFD7252A125CBC00F19BFA /* Products */ = {
			isa = PBXGroup;
			children = (
				8DDFD7242A125CBC00F19BFA /* GameDB.app */,
				8DDFD73D2A125CBD00F19BFA /* GameDBTests.xctest */,
				8DDFD7472A125CBD00F19BFA /* GameDBUITests.xctest */,
			);
			name = Products;
			sourceTree = "<group>";
		};
		8DDFD7262A125CBC00F19BFA /* GameDB */ = {
			isa = PBXGroup;
			children = (
				8DDFD7722A1286A000F19BFA /* Extension */,
				8DDFD76B2A12621000F19BFA /* Models */,
				8DDFD75A2A125E7300F19BFA /* Common */,
				8DDFD75B2A125FB600F19BFA /* ListGame */,
				8DDFD7612A12604400F19BFA /* DetailGame */,
				8DDFD7662A12609300F19BFA /* FavoriteGame */,
				8DDFD75E2A12601400F19BFA /* Service */,
				8DDFD7332A125CBD00F19BFA /* Assets.xcassets */,
				8DDFD7352A125CBD00F19BFA /* LaunchScreen.storyboard */,
				8DDFD7382A125CBD00F19BFA /* Info.plist */,
				8DDFD7302A125CBC00F19BFA /* GameDB.xcdatamodeld */,
			);
			path = GameDB;
			sourceTree = "<group>";
		};
		8DDFD7402A125CBD00F19BFA /* GameDBTests */ = {
			isa = PBXGroup;
			children = (
				8DDFD7412A125CBD00F19BFA /* listGameTests.swift */,
				8DDFD7852A14B06200F19BFA /* detailGameTests.swift */,
				8DDFD7872A14B06D00F19BFA /* favoriteGameTests.swift */,
				8DDFD78B2A151E1100F19BFA /* MockTest */,
			);
			path = GameDBTests;
			sourceTree = "<group>";
		};
		8DDFD74A2A125CBD00F19BFA /* GameDBUITests */ = {
			isa = PBXGroup;
			children = (
				8DDFD74B2A125CBD00F19BFA /* perqara_testUITests.swift */,
				8DDFD74D2A125CBD00F19BFA /* perqara_testUITestsLaunchTests.swift */,
			);
			path = GameDBUITests;
			sourceTree = "<group>";
		};
		8DDFD75A2A125E7300F19BFA /* Common */ = {
			isa = PBXGroup;
			children = (
				8DDFD7272A125CBC00F19BFA /* AppDelegate.swift */,
				8DDFD7292A125CBC00F19BFA /* SceneDelegate.swift */,
			);
			path = Common;
			sourceTree = "<group>";
		};
		8DDFD75B2A125FB600F19BFA /* ListGame */ = {
			isa = PBXGroup;
			children = (
				8DDFD72B2A125CBC00F19BFA /* ListGameViewController.swift */,
				8DDFD75C2A125FC500F19BFA /* ListGameViewModel.swift */,
				8DDFD7702A12858400F19BFA /* ListGameCell.swift */,
			);
			path = ListGame;
			sourceTree = "<group>";
		};
		8DDFD75E2A12601400F19BFA /* Service */ = {
			isa = PBXGroup;
			children = (
				8DDFD75F2A12602300F19BFA /* API.swift */,
				8DDFD76E2A126E1600F19BFA /* Client.swift */,
				8DDFD7812A147A8F00F19BFA /* ImageHandler.swift */,
			);
			path = Service;
			sourceTree = "<group>";
		};
		8DDFD7612A12604400F19BFA /* DetailGame */ = {
			isa = PBXGroup;
			children = (
				8DDFD7622A12606B00F19BFA /* DetailGameViewController.swift */,
				8DDFD7642A12607400F19BFA /* DetailGameViewModel.swift */,
				8DDFD7792A138A2C00F19BFA /* DetailTableViewCell.swift */,
			);
			path = DetailGame;
			sourceTree = "<group>";
		};
		8DDFD7662A12609300F19BFA /* FavoriteGame */ = {
			isa = PBXGroup;
			children = (
				8DDFD7692A1260D500F19BFA /* FavoriteGameViewController.swift */,
				8DDFD7672A1260C800F19BFA /* FavoriteGameViewModel.swift */,
			);
			path = FavoriteGame;
			sourceTree = "<group>";
		};
		8DDFD76B2A12621000F19BFA /* Models */ = {
			isa = PBXGroup;
			children = (
				8DDFD76C2A12622400F19BFA /* Game.swift */,
			);
			path = Models;
			sourceTree = "<group>";
		};
		8DDFD7722A1286A000F19BFA /* Extension */ = {
			isa = PBXGroup;
			children = (
				8DDFD7732A1286AE00F19BFA /* Constraint.swift */,
			);
			path = Extension;
			sourceTree = "<group>";
		};
		8DDFD78B2A151E1100F19BFA /* MockTest */ = {
			isa = PBXGroup;
			children = (
				8DDFD7832A1496F900F19BFA /* MockClientService.swift */,
				8DDFD7892A1502AA00F19BFA /* TestCoreDataStack.swift */,
			);
			path = MockTest;
			sourceTree = "<group>";
		};
/* End PBXGroup section */

/* Begin PBXNativeTarget section */
		8DDFD7232A125CBC00F19BFA /* GameDB */ = {
			isa = PBXNativeTarget;
			buildConfigurationList = 8DDFD7512A125CBD00F19BFA /* Build configuration list for PBXNativeTarget "GameDB" */;
			buildPhases = (
				8DDFD7202A125CBC00F19BFA /* Sources */,
				8DDFD7212A125CBC00F19BFA /* Frameworks */,
				8DDFD7222A125CBC00F19BFA /* Resources */,
			);
			buildRules = (
			);
			dependencies = (
			);
			name = GameDB;
			productName = perqara_test;
			productReference = 8DDFD7242A125CBC00F19BFA /* GameDB.app */;
			productType = "com.apple.product-type.application";
		};
		8DDFD73C2A125CBD00F19BFA /* GameDBTests */ = {
			isa = PBXNativeTarget;
			buildConfigurationList = 8DDFD7542A125CBD00F19BFA /* Build configuration list for PBXNativeTarget "GameDBTests" */;
			buildPhases = (
				8DDFD7392A125CBD00F19BFA /* Sources */,
				8DDFD73A2A125CBD00F19BFA /* Frameworks */,
				8DDFD73B2A125CBD00F19BFA /* Resources */,
			);
			buildRules = (
			);
			dependencies = (
				8DDFD73F2A125CBD00F19BFA /* PBXTargetDependency */,
			);
			name = GameDBTests;
			productName = perqara_testTests;
			productReference = 8DDFD73D2A125CBD00F19BFA /* GameDBTests.xctest */;
			productType = "com.apple.product-type.bundle.unit-test";
		};
		8DDFD7462A125CBD00F19BFA /* GameDBUITests */ = {
			isa = PBXNativeTarget;
			buildConfigurationList = 8DDFD7572A125CBD00F19BFA /* Build configuration list for PBXNativeTarget "GameDBUITests" */;
			buildPhases = (
				8DDFD7432A125CBD00F19BFA /* Sources */,
				8DDFD7442A125CBD00F19BFA /* Frameworks */,
				8DDFD7452A125CBD00F19BFA /* Resources */,
			);
			buildRules = (
			);
			dependencies = (
				8DDFD7492A125CBD00F19BFA /* PBXTargetDependency */,
			);
			name = GameDBUITests;
			productName = perqara_testUITests;
			productReference = 8DDFD7472A125CBD00F19BFA /* GameDBUITests.xctest */;
			productType = "com.apple.product-type.bundle.ui-testing";
		};
/* End PBXNativeTarget section */

/* Begin PBXProject section */
		8DDFD71C2A125CBC00F19BFA /* Project object */ = {
			isa = PBXProject;
			attributes = {
				BuildIndependentTargetsInParallel = 1;
				LastSwiftUpdateCheck = 1410;
				LastUpgradeCheck = 1410;
				TargetAttributes = {
					8DDFD7232A125CBC00F19BFA = {
						CreatedOnToolsVersion = 14.1;
					};
					8DDFD73C2A125CBD00F19BFA = {
						CreatedOnToolsVersion = 14.1;
						TestTargetID = 8DDFD7232A125CBC00F19BFA;
					};
					8DDFD7462A125CBD00F19BFA = {
						CreatedOnToolsVersion = 14.1;
						TestTargetID = 8DDFD7232A125CBC00F19BFA;
					};
				};
			};
			buildConfigurationList = 8DDFD71F2A125CBC00F19BFA /* Build configuration list for PBXProject "GameDB" */;
			compatibilityVersion = "Xcode 14.0";
			developmentRegion = en;
			hasScannedForEncodings = 0;
			knownRegions = (
				en,
				Base,
			);
			mainGroup = 8DDFD71B2A125CBC00F19BFA;
			productRefGroup = 8DDFD7252A125CBC00F19BFA /* Products */;
			projectDirPath = "";
			projectRoot = "";
			targets = (
				8DDFD7232A125CBC00F19BFA /* GameDB */,
				8DDFD73C2A125CBD00F19BFA /* GameDBTests */,
				8DDFD7462A125CBD00F19BFA /* GameDBUITests */,
			);
		};
/* End PBXProject section */

/* Begin PBXResourcesBuildPhase section */
		8DDFD7222A125CBC00F19BFA /* Resources */ = {
			isa = PBXResourcesBuildPhase;
			buildActionMask = 2147483647;
			files = (
				8DDFD7372A125CBD00F19BFA /* LaunchScreen.storyboard in Resources */,
				8DDFD7342A125CBD00F19BFA /* Assets.xcassets in Resources */,
			);
			runOnlyForDeploymentPostprocessing = 0;
		};
		8DDFD73B2A125CBD00F19BFA /* Resources */ = {
			isa = PBXResourcesBuildPhase;
			buildActionMask = 2147483647;
			files = (
			);
			runOnlyForDeploymentPostprocessing = 0;
		};
		8DDFD7452A125CBD00F19BFA /* Resources */ = {
			isa = PBXResourcesBuildPhase;
			buildActionMask = 2147483647;
			files = (
			);
			runOnlyForDeploymentPostprocessing = 0;
		};
/* End PBXResourcesBuildPhase section */

/* Begin PBXSourcesBuildPhase section */
		8DDFD7202A125CBC00F19BFA /* Sources */ = {
			isa = PBXSourcesBuildPhase;
			buildActionMask = 2147483647;
			files = (
				8DDFD7322A125CBC00F19BFA /* GameDB.xcdatamodeld in Sources */,
				8DDFD75D2A125FC500F19BFA /* ListGameViewModel.swift in Sources */,
				8DDFD7742A1286AE00F19BFA /* Constraint.swift in Sources */,
				8DDFD76A2A1260D500F19BFA /* FavoriteGameViewController.swift in Sources */,
				8DDFD7712A12858400F19BFA /* ListGameCell.swift in Sources */,
				8DDFD7632A12606B00F19BFA /* DetailGameViewController.swift in Sources */,
				8DDFD72C2A125CBC00F19BFA /* ListGameViewController.swift in Sources */,
				8DDFD7822A147A8F00F19BFA /* ImageHandler.swift in Sources */,
				8DDFD7282A125CBC00F19BFA /* AppDelegate.swift in Sources */,
				8DDFD76D2A12622400F19BFA /* Game.swift in Sources */,
				8DDFD77F2A13D4F600F19BFA /* GameModel+CoreDataClass.swift in Sources */,
				8DDFD7802A13D4F600F19BFA /* GameModel+CoreDataProperties.swift in Sources */,
				8DDFD77A2A138A2C00F19BFA /* DetailTableViewCell.swift in Sources */,
				8DDFD7682A1260C800F19BFA /* FavoriteGameViewModel.swift in Sources */,
				8DDFD7652A12607400F19BFA /* DetailGameViewModel.swift in Sources */,
				8DDFD7602A12602300F19BFA /* API.swift in Sources */,
				8DDFD72A2A125CBC00F19BFA /* SceneDelegate.swift in Sources */,
				8DDFD76F2A126E1600F19BFA /* Client.swift in Sources */,
			);
			runOnlyForDeploymentPostprocessing = 0;
		};
		8DDFD7392A125CBD00F19BFA /* Sources */ = {
			isa = PBXSourcesBuildPhase;
			buildActionMask = 2147483647;
			files = (
				8DDFD7842A1496F900F19BFA /* MockClientService.swift in Sources */,
				8DDFD78A2A1502AA00F19BFA /* TestCoreDataStack.swift in Sources */,
				8DDFD7422A125CBD00F19BFA /* listGameTests.swift in Sources */,
				8DDFD7862A14B06200F19BFA /* detailGameTests.swift in Sources */,
				8DDFD7882A14B06D00F19BFA /* favoriteGameTests.swift in Sources */,
			);
			runOnlyForDeploymentPostprocessing = 0;
		};
		8DDFD7432A125CBD00F19BFA /* Sources */ = {
			isa = PBXSourcesBuildPhase;
			buildActionMask = 2147483647;
			files = (
				8DDFD74C2A125CBD00F19BFA /* perqara_testUITests.swift in Sources */,
				8DDFD74E2A125CBD00F19BFA /* perqara_testUITestsLaunchTests.swift in Sources */,
			);
			runOnlyForDeploymentPostprocessing = 0;
		};
/* End PBXSourcesBuildPhase section */

/* Begin PBXTargetDependency section */
		8DDFD73F2A125CBD00F19BFA /* PBXTargetDependency */ = {
			isa = PBXTargetDependency;
			target = 8DDFD7232A125CBC00F19BFA /* GameDB */;
			targetProxy = 8DDFD73E2A125CBD00F19BFA /* PBXContainerItemProxy */;
		};
		8DDFD7492A125CBD00F19BFA /* PBXTargetDependency */ = {
			isa = PBXTargetDependency;
			target = 8DDFD7232A125CBC00F19BFA /* GameDB */;
			targetProxy = 8DDFD7482A125CBD00F19BFA /* PBXContainerItemProxy */;
		};
/* End PBXTargetDependency section */

/* Begin PBXVariantGroup section */
		8DDFD7352A125CBD00F19BFA /* LaunchScreen.storyboard */ = {
			isa = PBXVariantGroup;
			children = (
				8DDFD7362A125CBD00F19BFA /* Base */,
			);
			name = LaunchScreen.storyboard;
			sourceTree = "<group>";
		};
/* End PBXVariantGroup section */

/* Begin XCBuildConfiguration section */
		8DDFD74F2A125CBD00F19BFA /* Debug */ = {
			isa = XCBuildConfiguration;
			buildSettings = {
				ALWAYS_SEARCH_USER_PATHS = NO;
				CLANG_ANALYZER_NONNULL = YES;
				CLANG_ANALYZER_NUMBER_OBJECT_CONVERSION = YES_AGGRESSIVE;
				CLANG_CXX_LANGUAGE_STANDARD = "gnu++20";
				CLANG_ENABLE_MODULES = YES;
				CLANG_ENABLE_OBJC_ARC = YES;
				CLANG_ENABLE_OBJC_WEAK = YES;
				CLANG_WARN_BLOCK_CAPTURE_AUTORELEASING = YES;
				CLANG_WARN_BOOL_CONVERSION = YES;
				CLANG_WARN_COMMA = YES;
				CLANG_WARN_CONSTANT_CONVERSION = YES;
				CLANG_WARN_DEPRECATED_OBJC_IMPLEMENTATIONS = YES;
				CLANG_WARN_DIRECT_OBJC_ISA_USAGE = YES_ERROR;
				CLANG_WARN_DOCUMENTATION_COMMENTS = YES;
				CLANG_WARN_EMPTY_BODY = YES;
				CLANG_WARN_ENUM_CONVERSION = YES;
				CLANG_WARN_INFINITE_RECURSION = YES;
				CLANG_WARN_INT_CONVERSION = YES;
				CLANG_WARN_NON_LITERAL_NULL_CONVERSION = YES;
				CLANG_WARN_OBJC_IMPLICIT_RETAIN_SELF = YES;
				CLANG_WARN_OBJC_LITERAL_CONVERSION = YES;
				CLANG_WARN_OBJC_ROOT_CLASS = YES_ERROR;
				CLANG_WARN_QUOTED_INCLUDE_IN_FRAMEWORK_HEADER = YES;
				CLANG_WARN_RANGE_LOOP_ANALYSIS = YES;
				CLANG_WARN_STRICT_PROTOTYPES = YES;
				CLANG_WARN_SUSPICIOUS_MOVE = YES;
				CLANG_WARN_UNGUARDED_AVAILABILITY = YES_AGGRESSIVE;
				CLANG_WARN_UNREACHABLE_CODE = YES;
				CLANG_WARN__DUPLICATE_METHOD_MATCH = YES;
				COPY_PHASE_STRIP = NO;
				DEBUG_INFORMATION_FORMAT = dwarf;
				ENABLE_STRICT_OBJC_MSGSEND = YES;
				ENABLE_TESTABILITY = YES;
				GCC_C_LANGUAGE_STANDARD = gnu11;
				GCC_DYNAMIC_NO_PIC = NO;
				GCC_NO_COMMON_BLOCKS = YES;
				GCC_OPTIMIZATION_LEVEL = 0;
				GCC_PREPROCESSOR_DEFINITIONS = (
					"DEBUG=1",
					"$(inherited)",
				);
				GCC_WARN_64_TO_32_BIT_CONVERSION = YES;
				GCC_WARN_ABOUT_RETURN_TYPE = YES_ERROR;
				GCC_WARN_UNDECLARED_SELECTOR = YES;
				GCC_WARN_UNINITIALIZED_AUTOS = YES_AGGRESSIVE;
				GCC_WARN_UNUSED_FUNCTION = YES;
				GCC_WARN_UNUSED_VARIABLE = YES;
				IPHONEOS_DEPLOYMENT_TARGET = 16.1;
				MTL_ENABLE_DEBUG_INFO = INCLUDE_SOURCE;
				MTL_FAST_MATH = YES;
				ONLY_ACTIVE_ARCH = YES;
				SDKROOT = iphoneos;
				SWIFT_ACTIVE_COMPILATION_CONDITIONS = DEBUG;
				SWIFT_OPTIMIZATION_LEVEL = "-Onone";
			};
			name = Debug;
		};
		8DDFD7502A125CBD00F19BFA /* Release */ = {
			isa = XCBuildConfiguration;
			buildSettings = {
				ALWAYS_SEARCH_USER_PATHS = NO;
				CLANG_ANALYZER_NONNULL = YES;
				CLANG_ANALYZER_NUMBER_OBJECT_CONVERSION = YES_AGGRESSIVE;
				CLANG_CXX_LANGUAGE_STANDARD = "gnu++20";
				CLANG_ENABLE_MODULES = YES;
				CLANG_ENABLE_OBJC_ARC = YES;
				CLANG_ENABLE_OBJC_WEAK = YES;
				CLANG_WARN_BLOCK_CAPTURE_AUTORELEASING = YES;
				CLANG_WARN_BOOL_CONVERSION = YES;
				CLANG_WARN_COMMA = YES;
				CLANG_WARN_CONSTANT_CONVERSION = YES;
				CLANG_WARN_DEPRECATED_OBJC_IMPLEMENTATIONS = YES;
				CLANG_WARN_DIRECT_OBJC_ISA_USAGE = YES_ERROR;
				CLANG_WARN_DOCUMENTATION_COMMENTS = YES;
				CLANG_WARN_EMPTY_BODY = YES;
				CLANG_WARN_ENUM_CONVERSION = YES;
				CLANG_WARN_INFINITE_RECURSION = YES;
				CLANG_WARN_INT_CONVERSION = YES;
				CLANG_WARN_NON_LITERAL_NULL_CONVERSION = YES;
				CLANG_WARN_OBJC_IMPLICIT_RETAIN_SELF = YES;
				CLANG_WARN_OBJC_LITERAL_CONVERSION = YES;
				CLANG_WARN_OBJC_ROOT_CLASS = YES_ERROR;
				CLANG_WARN_QUOTED_INCLUDE_IN_FRAMEWORK_HEADER = YES;
				CLANG_WARN_RANGE_LOOP_ANALYSIS = YES;
				CLANG_WARN_STRICT_PROTOTYPES = YES;
				CLANG_WARN_SUSPICIOUS_MOVE = YES;
				CLANG_WARN_UNGUARDED_AVAILABILITY = YES_AGGRESSIVE;
				CLANG_WARN_UNREACHABLE_CODE = YES;
				CLANG_WARN__DUPLICATE_METHOD_MATCH = YES;
				COPY_PHASE_STRIP = NO;
				DEBUG_INFORMATION_FORMAT = "dwarf-with-dsym";
				ENABLE_NS_ASSERTIONS = NO;
				ENABLE_STRICT_OBJC_MSGSEND = YES;
				GCC_C_LANGUAGE_STANDARD = gnu11;
				GCC_NO_COMMON_BLOCKS = YES;
				GCC_WARN_64_TO_32_BIT_CONVERSION = YES;
				GCC_WARN_ABOUT_RETURN_TYPE = YES_ERROR;
				GCC_WARN_UNDECLARED_SELECTOR = YES;
				GCC_WARN_UNINITIALIZED_AUTOS = YES_AGGRESSIVE;
				GCC_WARN_UNUSED_FUNCTION = YES;
				GCC_WARN_UNUSED_VARIABLE = YES;
				IPHONEOS_DEPLOYMENT_TARGET = 16.1;
				MTL_ENABLE_DEBUG_INFO = NO;
				MTL_FAST_MATH = YES;
				SDKROOT = iphoneos;
				SWIFT_COMPILATION_MODE = wholemodule;
				SWIFT_OPTIMIZATION_LEVEL = "-O";
				VALIDATE_PRODUCT = YES;
			};
			name = Release;
		};
		8DDFD7522A125CBD00F19BFA /* Debug */ = {
			isa = XCBuildConfiguration;
			buildSettings = {
				ASSETCATALOG_COMPILER_APPICON_NAME = AppIcon;
				ASSETCATALOG_COMPILER_GLOBAL_ACCENT_COLOR_NAME = AccentColor;
				CODE_SIGN_STYLE = Automatic;
				CURRENT_PROJECT_VERSION = 1;
				DEVELOPMENT_TEAM = F3D69PH55A;
				GENERATE_INFOPLIST_FILE = YES;
				INFOPLIST_FILE = GameDB/Info.plist;
				INFOPLIST_KEY_UIApplicationSupportsIndirectInputEvents = YES;
				INFOPLIST_KEY_UILaunchStoryboardName = LaunchScreen;
				INFOPLIST_KEY_UISupportedInterfaceOrientations_iPad = "UIInterfaceOrientationPortrait UIInterfaceOrientationPortraitUpsideDown UIInterfaceOrientationLandscapeLeft UIInterfaceOrientationLandscapeRight";
				INFOPLIST_KEY_UISupportedInterfaceOrientations_iPhone = "UIInterfaceOrientationPortrait UIInterfaceOrientationLandscapeLeft UIInterfaceOrientationLandscapeRight";
				LD_RUNPATH_SEARCH_PATHS = (
					"$(inherited)",
					"@executable_path/Frameworks",
				);
				MARKETING_VERSION = 1.0;
				PRODUCT_BUNDLE_IDENTIFIER = "hada.perqara-test";
				PRODUCT_NAME = "$(TARGET_NAME)";
				SWIFT_EMIT_LOC_STRINGS = YES;
				SWIFT_VERSION = 5.0;
				TARGETED_DEVICE_FAMILY = "1,2";
			};
			name = Debug;
		};
		8DDFD7532A125CBD00F19BFA /* Release */ = {
			isa = XCBuildConfiguration;
			buildSettings = {
				ASSETCATALOG_COMPILER_APPICON_NAME = AppIcon;
				ASSETCATALOG_COMPILER_GLOBAL_ACCENT_COLOR_NAME = AccentColor;
				CODE_SIGN_STYLE = Automatic;
				CURRENT_PROJECT_VERSION = 1;
				DEVELOPMENT_TEAM = F3D69PH55A;
				GENERATE_INFOPLIST_FILE = YES;
				INFOPLIST_FILE = GameDB/Info.plist;
				INFOPLIST_KEY_UIApplicationSupportsIndirectInputEvents = YES;
				INFOPLIST_KEY_UILaunchStoryboardName = LaunchScreen;
				INFOPLIST_KEY_UISupportedInterfaceOrientations_iPad = "UIInterfaceOrientationPortrait UIInterfaceOrientationPortraitUpsideDown UIInterfaceOrientationLandscapeLeft UIInterfaceOrientationLandscapeRight";
				INFOPLIST_KEY_UISupportedInterfaceOrientations_iPhone = "UIInterfaceOrientationPortrait UIInterfaceOrientationLandscapeLeft UIInterfaceOrientationLandscapeRight";
				LD_RUNPATH_SEARCH_PATHS = (
					"$(inherited)",
					"@executable_path/Frameworks",
				);
				MARKETING_VERSION = 1.0;
				PRODUCT_BUNDLE_IDENTIFIER = "hada.perqara-test";
				PRODUCT_NAME = "$(TARGET_NAME)";
				SWIFT_EMIT_LOC_STRINGS = YES;
				SWIFT_VERSION = 5.0;
				TARGETED_DEVICE_FAMILY = "1,2";
			};
			name = Release;
		};
		8DDFD7552A125CBD00F19BFA /* Debug */ = {
			isa = XCBuildConfiguration;
			buildSettings = {
				ALWAYS_EMBED_SWIFT_STANDARD_LIBRARIES = YES;
				BUNDLE_LOADER = "$(TEST_HOST)";
				CODE_SIGN_STYLE = Automatic;
				CURRENT_PROJECT_VERSION = 1;
				DEVELOPMENT_TEAM = F3D69PH55A;
				GENERATE_INFOPLIST_FILE = YES;
				IPHONEOS_DEPLOYMENT_TARGET = 16.1;
				MARKETING_VERSION = 1.0;
				PRODUCT_BUNDLE_IDENTIFIER = "hada.perqara-testTests";
				PRODUCT_NAME = "$(TARGET_NAME)";
				SWIFT_EMIT_LOC_STRINGS = NO;
				SWIFT_VERSION = 5.0;
				TARGETED_DEVICE_FAMILY = "1,2";
				TEST_HOST = "$(BUILT_PRODUCTS_DIR)/GameDB.app/$(BUNDLE_EXECUTABLE_FOLDER_PATH)/GameDB";
			};
			name = Debug;
		};
		8DDFD7562A125CBD00F19BFA /* Release */ = {
			isa = XCBuildConfiguration;
			buildSettings = {
				ALWAYS_EMBED_SWIFT_STANDARD_LIBRARIES = YES;
				BUNDLE_LOADER = "$(TEST_HOST)";
				CODE_SIGN_STYLE = Automatic;
				CURRENT_PROJECT_VERSION = 1;
				DEVELOPMENT_TEAM = F3D69PH55A;
				GENERATE_INFOPLIST_FILE = YES;
				IPHONEOS_DEPLOYMENT_TARGET = 16.1;
				MARKETING_VERSION = 1.0;
				PRODUCT_BUNDLE_IDENTIFIER = "hada.perqara-testTests";
				PRODUCT_NAME = "$(TARGET_NAME)";
				SWIFT_EMIT_LOC_STRINGS = NO;
				SWIFT_VERSION = 5.0;
				TARGETED_DEVICE_FAMILY = "1,2";
				TEST_HOST = "$(BUILT_PRODUCTS_DIR)/GameDB.app/$(BUNDLE_EXECUTABLE_FOLDER_PATH)/GameDB";
			};
			name = Release;
		};
		8DDFD7582A125CBD00F19BFA /* Debug */ = {
			isa = XCBuildConfiguration;
			buildSettings = {
				ALWAYS_EMBED_SWIFT_STANDARD_LIBRARIES = YES;
				CODE_SIGN_STYLE = Automatic;
				CURRENT_PROJECT_VERSION = 1;
				DEVELOPMENT_TEAM = F3D69PH55A;
				GENERATE_INFOPLIST_FILE = YES;
				MARKETING_VERSION = 1.0;
				PRODUCT_BUNDLE_IDENTIFIER = hada.GameDBUITests;
				PRODUCT_NAME = "$(TARGET_NAME)";
				SWIFT_EMIT_LOC_STRINGS = NO;
				SWIFT_VERSION = 5.0;
				TARGETED_DEVICE_FAMILY = "1,2";
				TEST_TARGET_NAME = GameDB;
			};
			name = Debug;
		};
		8DDFD7592A125CBD00F19BFA /* Release */ = {
			isa = XCBuildConfiguration;
			buildSettings = {
				ALWAYS_EMBED_SWIFT_STANDARD_LIBRARIES = YES;
				CODE_SIGN_STYLE = Automatic;
				CURRENT_PROJECT_VERSION = 1;
				DEVELOPMENT_TEAM = F3D69PH55A;
				GENERATE_INFOPLIST_FILE = YES;
				MARKETING_VERSION = 1.0;
				PRODUCT_BUNDLE_IDENTIFIER = hada.GameDBUITests;
				PRODUCT_NAME = "$(TARGET_NAME)";
				SWIFT_EMIT_LOC_STRINGS = NO;
				SWIFT_VERSION = 5.0;
				TARGETED_DEVICE_FAMILY = "1,2";
				TEST_TARGET_NAME = GameDB;
			};
			name = Release;
		};
/* End XCBuildConfiguration section */

/* Begin XCConfigurationList section */
		8DDFD71F2A125CBC00F19BFA /* Build configuration list for PBXProject "GameDB" */ = {
			isa = XCConfigurationList;
			buildConfigurations = (
				8DDFD74F2A125CBD00F19BFA /* Debug */,
				8DDFD7502A125CBD00F19BFA /* Release */,
			);
			defaultConfigurationIsVisible = 0;
			defaultConfigurationName = Release;
		};
		8DDFD7512A125CBD00F19BFA /* Build configuration list for PBXNativeTarget "GameDB" */ = {
			isa = XCConfigurationList;
			buildConfigurations = (
				8DDFD7522A125CBD00F19BFA /* Debug */,
				8DDFD7532A125CBD00F19BFA /* Release */,
			);
			defaultConfigurationIsVisible = 0;
			defaultConfigurationName = Release;
		};
		8DDFD7542A125CBD00F19BFA /* Build configuration list for PBXNativeTarget "GameDBTests" */ = {
			isa = XCConfigurationList;
			buildConfigurations = (
				8DDFD7552A125CBD00F19BFA /* Debug */,
				8DDFD7562A125CBD00F19BFA /* Release */,
			);
			defaultConfigurationIsVisible = 0;
			defaultConfigurationName = Release;
		};
		8DDFD7572A125CBD00F19BFA /* Build configuration list for PBXNativeTarget "GameDBUITests" */ = {
			isa = XCConfigurationList;
			buildConfigurations = (
				8DDFD7582A125CBD00F19BFA /* Debug */,
				8DDFD7592A125CBD00F19BFA /* Release */,
			);
			defaultConfigurationIsVisible = 0;
			defaultConfigurationName = Release;
		};
/* End XCConfigurationList section */

/* Begin XCVersionGroup section */
		8DDFD7302A125CBC00F19BFA /* GameDB.xcdatamodeld */ = {
			isa = XCVersionGroup;
			children = (
				8DDFD7312A125CBC00F19BFA /* perqara_test.xcdatamodel */,
			);
			currentVersion = 8DDFD7312A125CBC00F19BFA /* perqara_test.xcdatamodel */;
			path = GameDB.xcdatamodeld;
			sourceTree = "<group>";
			versionGroupType = wrapper.xcdatamodel;
		};
/* End XCVersionGroup section */
	};
	rootObject = 8DDFD71C2A125CBC00F19BFA /* Project object */;
}
